
Microsoft Visual Studio Solution File, Format Version 12.00
# Visual Studio Version 17
VisualStudioVersion = 17.1.32421.90
MinimumVisualStudioVersion = 10.0.40219.1
Project("{FAE04EC0-301F-11D3-BF4B-00C04F79EFBC}") = "zadanie", "zadanie\zadanie.csproj", "{DA159439-E4DB-4394-82BE-E4BA195D5487}"
EndProject
Global
	GlobalSection(SolutionConfigurationPlatforms) = preSolution
		Debug|Any CPU = Debug|Any CPU
		Release|Any CPU = Release|Any CPU
	EndGlobalSection
	GlobalSection(ProjectConfigurationPlatforms) = postSolution
		{DA159439-E4DB-4394-82BE-E4BA195D5487}.Debug|Any CPU.ActiveCfg = Debug|Any CPU
		{DA159439-E4DB-4394-82BE-E4BA195D5487}.Debug|Any CPU.Build.0 = Debug|Any CPU
		{DA159439-E4DB-4394-82BE-E4BA195D5487}.Release|Any CPU.ActiveCfg = Release|Any CPU
		{DA159439-E4DB-4394-82BE-E4BA195D5487}.Release|Any CPU.Build.0 = Release|Any CPU
	EndGlobalSection
	GlobalSection(SolutionProperties) = preSolution
		HideSolutionNode = FALSE
	EndGlobalSection
	GlobalSection(ExtensibilityGlobals) = postSolution
		SolutionGuid = {4222B7B4-DA4D-402A-A68E-A9B4617CB21E}
	EndGlobalSection
EndGlobal
